
Microsoft Visual Studio Solution File, Format Version 12.00
# Visual Studio 15
VisualStudioVersion = 15.0.28010.2048
MinimumVisualStudioVersion = 10.0.40219.1
Project("{FAE04EC0-301F-11D3-BF4B-00C04F79EFBC}") = "SFTP-StressTest", "SFTP-StressTest\SFTP-StressTest.csproj", "{9FE79240-D0E9-4C6D-B2EB-563B82359E24}"
EndProject
Global
	GlobalSection(SolutionConfigurationPlatforms) = preSolution
		Debug|Any CPU = Debug|Any CPU
		Release|Any CPU = Release|Any CPU
	EndGlobalSection
	GlobalSection(ProjectConfigurationPlatforms) = postSolution
		{9FE79240-D0E9-4C6D-B2EB-563B82359E24}.Debug|Any CPU.ActiveCfg = Debug|Any CPU
		{9FE79240-D0E9-4C6D-B2EB-563B82359E24}.Debug|Any CPU.Build.0 = Debug|Any CPU
		{9FE79240-D0E9-4C6D-B2EB-563B82359E24}.Release|Any CPU.ActiveCfg = Release|Any CPU
		{9FE79240-D0E9-4C6D-B2EB-563B82359E24}.Release|Any CPU.Build.0 = Release|Any CPU
	EndGlobalSection
	GlobalSection(SolutionProperties) = preSolution
		HideSolutionNode = FALSE
	EndGlobalSection
	GlobalSection(ExtensibilityGlobals) = postSolution
		SolutionGuid = {7F72DAE0-5DC7-4AFF-8106-79016A7A6FD7}
	EndGlobalSection
EndGlobal
